
Microsoft Visual Studio Solution File, Format Version 12.00
# Visual Studio Version 16
VisualStudioVersion = 16.0.30114.105
MinimumVisualStudioVersion = 10.0.40219.1
Project("{FAE04EC0-301F-11D3-BF4B-00C04F79EFBC}") = "R5T.Copenhagen.Standard", "R5T.Copenhagen.Standard\R5T.Copenhagen.Standard.csproj", "{20A50CD4-D3AC-4C00-9739-B2A79EBED13C}"
EndProject
Project("{FAE04EC0-301F-11D3-BF4B-00C04F79EFBC}") = "R5T.Copenhagen.Standard.Construction", "R5T.Copenhagen.Standard.Construction\R5T.Copenhagen.Standard.Construction.csproj", "{F29CB920-6FD0-49F3-8442-E00BD71CD48F}"
EndProject
Project("{FAE04EC0-301F-11D3-BF4B-00C04F79EFBC}") = "R5T.Copenhagen.Standard.Testing", "R5T.Copenhagen.Standard.Testing\R5T.Copenhagen.Standard.Testing.csproj", "{466C6390-689C-412F-A66D-9D925FEA9EF6}"
EndProject
Global
	GlobalSection(SolutionConfigurationPlatforms) = preSolution
		Debug|Any CPU = Debug|Any CPU
		Debug|x64 = Debug|x64
		Debug|x86 = Debug|x86
		Release|Any CPU = Release|Any CPU
		Release|x64 = Release|x64
		Release|x86 = Release|x86
	EndGlobalSection
	GlobalSection(SolutionProperties) = preSolution
		HideSolutionNode = FALSE
	EndGlobalSection
	GlobalSection(ProjectConfigurationPlatforms) = postSolution
		{20A50CD4-D3AC-4C00-9739-B2A79EBED13C}.Debug|Any CPU.ActiveCfg = Debug|Any CPU
		{20A50CD4-D3AC-4C00-9739-B2A79EBED13C}.Debug|Any CPU.Build.0 = Debug|Any CPU
		{20A50CD4-D3AC-4C00-9739-B2A79EBED13C}.Debug|x64.ActiveCfg = Debug|Any CPU
		{20A50CD4-D3AC-4C00-9739-B2A79EBED13C}.Debug|x64.Build.0 = Debug|Any CPU
		{20A50CD4-D3AC-4C00-9739-B2A79EBED13C}.Debug|x86.ActiveCfg = Debug|Any CPU
		{20A50CD4-D3AC-4C00-9739-B2A79EBED13C}.Debug|x86.Build.0 = Debug|Any CPU
		{20A50CD4-D3AC-4C00-9739-B2A79EBED13C}.Release|Any CPU.ActiveCfg = Release|Any CPU
		{20A50CD4-D3AC-4C00-9739-B2A79EBED13C}.Release|Any CPU.Build.0 = Release|Any CPU
		{20A50CD4-D3AC-4C00-9739-B2A79EBED13C}.Release|x64.ActiveCfg = Release|Any CPU
		{20A50CD4-D3AC-4C00-9739-B2A79EBED13C}.Release|x64.Build.0 = Release|Any CPU
		{20A50CD4-D3AC-4C00-9739-B2A79EBED13C}.Release|x86.ActiveCfg = Release|Any CPU
		{20A50CD4-D3AC-4C00-9739-B2A79EBED13C}.Release|x86.Build.0 = Release|Any CPU
		{F29CB920-6FD0-49F3-8442-E00BD71CD48F}.Debug|Any CPU.ActiveCfg = Debug|Any CPU
		{F29CB920-6FD0-49F3-8442-E00BD71CD48F}.Debug|Any CPU.Build.0 = Debug|Any CPU
		{F29CB920-6FD0-49F3-8442-E00BD71CD48F}.Debug|x64.ActiveCfg = Debug|Any CPU
		{F29CB920-6FD0-49F3-8442-E00BD71CD48F}.Debug|x64.Build.0 = Debug|Any CPU
		{F29CB920-6FD0-49F3-8442-E00BD71CD48F}.Debug|x86.ActiveCfg = Debug|Any CPU
		{F29CB920-6FD0-49F3-8442-E00BD71CD48F}.Debug|x86.Build.0 = Debug|Any CPU
		{F29CB920-6FD0-49F3-8442-E00BD71CD48F}.Release|Any CPU.ActiveCfg = Release|Any CPU
		{F29CB920-6FD0-49F3-8442-E00BD71CD48F}.Release|Any CPU.Build.0 = Release|Any CPU
		{F29CB920-6FD0-49F3-8442-E00BD71CD48F}.Release|x64.ActiveCfg = Release|Any CPU
		{F29CB920-6FD0-49F3-8442-E00BD71CD48F}.Release|x64.Build.0 = Release|Any CPU
		{F29CB920-6FD0-49F3-8442-E00BD71CD48F}.Release|x86.ActiveCfg = Release|Any CPU
		{F29CB920-6FD0-49F3-8442-E00BD71CD48F}.Release|x86.Build.0 = Release|Any CPU
		{466C6390-689C-412F-A66D-9D925FEA9EF6}.Debug|Any CPU.ActiveCfg = Debug|Any CPU
		{466C6390-689C-412F-A66D-9D925FEA9EF6}.Debug|Any CPU.Build.0 = Debug|Any CPU
		{466C6390-689C-412F-A66D-9D925FEA9EF6}.Debug|x64.ActiveCfg = Debug|Any CPU
		{466C6390-689C-412F-A66D-9D925FEA9EF6}.Debug|x64.Build.0 = Debug|Any CPU
		{466C6390-689C-412F-A66D-9D925FEA9EF6}.Debug|x86.ActiveCfg = Debug|Any CPU
		{466C6390-689C-412F-A66D-9D925FEA9EF6}.Debug|x86.Build.0 = Debug|Any CPU
		{466C6390-689C-412F-A66D-9D925FEA9EF6}.Release|Any CPU.ActiveCfg = Release|Any CPU
		{466C6390-689C-412F-A66D-9D925FEA9EF6}.Release|Any CPU.Build.0 = Release|Any CPU
		{466C6390-689C-412F-A66D-9D925FEA9EF6}.Release|x64.ActiveCfg = Release|Any CPU
		{466C6390-689C-412F-A66D-9D925FEA9EF6}.Release|x64.Build.0 = Release|Any CPU
		{466C6390-689C-412F-A66D-9D925FEA9EF6}.Release|x86.ActiveCfg = Release|Any CPU
		{466C6390-689C-412F-A66D-9D925FEA9EF6}.Release|x86.Build.0 = Release|Any CPU
	EndGlobalSection
EndGlobal
